Microsoft Visual Studio Solution File, Format Version 12.00
# Visual Studio Version 17
VisualStudioVersion = 17.5.2.0
MinimumVisualStudioVersion = 10.0.40219.1
Project("{2150E333-8FDC-42A3-9474-1A3956D46DE8}") = "sandbox", "sandbox", "{3D40F055-384E-DE04-BB81-B7972E166B19}"
EndProject
Project("{2150E333-8FDC-42A3-9474-1A3956D46DE8}") = "week01", "week01", "{D4176A17-D7E5-9C19-FD5F-8803B1692ECF}"
EndProject
Project("{2150E333-8FDC-42A3-9474-1A3956D46DE8}") = "week02", "week02", "{131C5CCE-C85E-81CF-EB9F-372398CDB723}"
EndProject
Project("{2150E333-8FDC-42A3-9474-1A3956D46DE8}") = "week03", "week03", "{EC9A9E50-F609-29D8-E2CC-8326F1A55E73}"
EndProject
Project("{2150E333-8FDC-42A3-9474-1A3956D46DE8}") = "week04", "week04", "{AE61C528-FF0A-A1A2-0584-FA705841A90E}"
EndProject
Project("{2150E333-8FDC-42A3-9474-1A3956D46DE8}") = "week05", "week05", "{1E7C7822-1A97-FCE8-C1CC-7282E8F41E48}"
EndProject
Project("{2150E333-8FDC-42A3-9474-1A3956D46DE8}") = "week06", "week06", "{3DCF630A-C2F5-FA6C-1BC6-65B54CBF7084}"
EndProject
Project("{2150E333-8FDC-42A3-9474-1A3956D46DE8}") = "week07", "week07", "{556F3E34-760A-2958-053D-ABCAA6F82293}"
EndProject
Project("{FAE04EC0-301F-11D3-BF4B-00C04F79EFBC}") = "Sandbox", "sandbox\Sandbox\Sandbox.csproj", "{F3D6030D-8DB9-6BB6-673E-D9F8A8FED9D3}"
EndProject
Project("{FAE04EC0-301F-11D3-BF4B-00C04F79EFBC}") = "Exercise1", "week01\Exercise1\Exercise1.csproj", "{EFBDB87E-2FE4-C569-78EA-EFD6CC60F611}"
EndProject
Project("{FAE04EC0-301F-11D3-BF4B-00C04F79EFBC}") = "Exercise2", "week01\Exercise2\Exercise2.csproj", "{E6067B0C-3255-CEC7-AC75-9B0268C18FD5}"
EndProject
Project("{FAE04EC0-301F-11D3-BF4B-00C04F79EFBC}") = "Exercise3", "week01\Exercise3\Exercise3.csproj", "{8CDB89A4-F51B-4C56-6717-A09349680221}"
EndProject
Project("{FAE04EC0-301F-11D3-BF4B-00C04F79EFBC}") = "Exercise4", "week01\Exercise4\Exercise4.csproj", "{EBA812C6-0939-30E4-456E-8140FF520F62}"
EndProject
Project("{FAE04EC0-301F-11D3-BF4B-00C04F79EFBC}") = "Exercise5", "week01\Exercise5\Exercise5.csproj", "{87449396-A005-7ECE-A7A4-71AD808B27C3}"
EndProject
Project("{FAE04EC0-301F-11D3-BF4B-00C04F79EFBC}") = "Journal", "week02\Journal\Journal.csproj", "{BDE3356F-5176-AE89-9626-CDB8E9721B3C}"
EndProject
Project("{FAE04EC0-301F-11D3-BF4B-00C04F79EFBC}") = "Resumes", "week02\Resumes\Resumes.csproj", "{FA3161BE-3ED7-682F-9E74-099B9D661EA9}"
EndProject
Project("{FAE04EC0-301F-11D3-BF4B-00C04F79EFBC}") = "Fractions", "week03\Fractions\Fractions.csproj", "{5A16DD4A-D9DE-616F-AEB4-81788250D77D}"
EndProject
Project("{FAE04EC0-301F-11D3-BF4B-00C04F79EFBC}") = "ScriptureMemorizer", "week03\ScriptureMemorizer\ScriptureMemorizer.csproj", "{B76C7F35-86F1-EF59-9FAB-8779725E725D}"
EndProject
Project("{FAE04EC0-301F-11D3-BF4B-00C04F79EFBC}") = "OnlineOrdering", "week04\OnlineOrdering\OnlineOrdering.csproj", "{679D6DB9-EB3C-7EDB-D642-EEEA6E542F51}"
EndProject
Project("{FAE04EC0-301F-11D3-BF4B-00C04F79EFBC}") = "YouTubeVideos", "week04\YouTubeVideos\YouTubeVideos.csproj", "{D2001EBE-CE68-9877-C94C-D68B3B1E71BB}"
EndProject
Project("{FAE04EC0-301F-11D3-BF4B-00C04F79EFBC}") = "Homework", "week05\Homework\Homework.csproj", "{F1CF0074-2B5D-66FB-1F74-7C71E1492C2E}"
EndProject
Project("{FAE04EC0-301F-11D3-BF4B-00C04F79EFBC}") = "Mindfulness", "week05\Mindfulness\Mindfulness.csproj", "{D4169A07-5F36-AFB4-9489-60E4B562DF5D}"
EndProject
Project("{FAE04EC0-301F-11D3-BF4B-00C04F79EFBC}") = "EternalQuest", "week06\EternalQuest\EternalQuest.csproj", "{9A2CB8DE-DE20-4461-7933-58749D88039E}"
EndProject
Project("{FAE04EC0-301F-11D3-BF4B-00C04F79EFBC}") = "Shapes", "week06\Shapes\Shapes.csproj", "{E1DE1460-4E78-5F14-0179-CD667D425C00}"
EndProject
Project("{FAE04EC0-301F-11D3-BF4B-00C04F79EFBC}") = "ExerciseTracking", "week07\ExerciseTracking\ExerciseTracking.csproj", "{496257E2-D3EA-7DA2-F7D1-0B8897F429F1}"
EndProject
Global
	GlobalSection(SolutionConfigurationPlatforms) = preSolution
		Debug|Any CPU = Debug|Any CPU
		Release|Any CPU = Release|Any CPU
	EndGlobalSection
	GlobalSection(ProjectConfigurationPlatforms) = postSolution
		{F3D6030D-8DB9-6BB6-673E-D9F8A8FED9D3}.Debug|Any CPU.ActiveCfg = Debug|Any CPU
		{F3D6030D-8DB9-6BB6-673E-D9F8A8FED9D3}.Debug|Any CPU.Build.0 = Debug|Any CPU
		{F3D6030D-8DB9-6BB6-673E-D9F8A8FED9D3}.Release|Any CPU.ActiveCfg = Release|Any CPU
		{F3D6030D-8DB9-6BB6-673E-D9F8A8FED9D3}.Release|Any CPU.Build.0 = Release|Any CPU
		{EFBDB87E-2FE4-C569-78EA-EFD6CC60F611}.Debug|Any CPU.ActiveCfg = Debug|Any CPU
		{EFBDB87E-2FE4-C569-78EA-EFD6CC60F611}.Debug|Any CPU.Build.0 = Debug|Any CPU
		{EFBDB87E-2FE4-C569-78EA-EFD6CC60F611}.Release|Any CPU.ActiveCfg = Release|Any CPU
		{EFBDB87E-2FE4-C569-78EA-EFD6CC60F611}.Release|Any CPU.Build.0 = Release|Any CPU
		{E6067B0C-3255-CEC7-AC75-9B0268C18FD5}.Debug|Any CPU.ActiveCfg = Debug|Any CPU
		{E6067B0C-3255-CEC7-AC75-9B0268C18FD5}.Debug|Any CPU.Build.0 = Debug|Any CPU
		{E6067B0C-3255-CEC7-AC75-9B0268C18FD5}.Release|Any CPU.ActiveCfg = Release|Any CPU
		{E6067B0C-3255-CEC7-AC75-9B0268C18FD5}.Release|Any CPU.Build.0 = Release|Any CPU
		{8CDB89A4-F51B-4C56-6717-A09349680221}.Debug|Any CPU.ActiveCfg = Debug|Any CPU
		{8CDB89A4-F51B-4C56-6717-A09349680221}.Debug|Any CPU.Build.0 = Debug|Any CPU
		{8CDB89A4-F51B-4C56-6717-A09349680221}.Release|Any CPU.ActiveCfg = Release|Any CPU
		{8CDB89A4-F51B-4C56-6717-A09349680221}.Release|Any CPU.Build.0 = Release|Any CPU
		{EBA812C6-0939-30E4-456E-8140FF520F62}.Debug|Any CPU.ActiveCfg = Debug|Any CPU
		{EBA812C6-0939-30E4-456E-8140FF520F62}.Debug|Any CPU.Build.0 = Debug|Any CPU
		{EBA812C6-0939-30E4-456E-8140FF520F62}.Release|Any CPU.ActiveCfg = Release|Any CPU
		{EBA812C6-0939-30E4-456E-8140FF520F62}.Release|Any CPU.Build.0 = Release|Any CPU
		{87449396-A005-7ECE-A7A4-71AD808B27C3}.Debug|Any CPU.ActiveCfg = Debug|Any CPU
		{87449396-A005-7ECE-A7A4-71AD808B27C3}.Debug|Any CPU.Build.0 = Debug|Any CPU
		{87449396-A005-7ECE-A7A4-71AD808B27C3}.Release|Any CPU.ActiveCfg = Release|Any CPU
		{87449396-A005-7ECE-A7A4-71AD808B27C3}.Release|Any CPU.Build.0 = Release|Any CPU
		{BDE3356F-5176-AE89-9626-CDB8E9721B3C}.Debug|Any CPU.ActiveCfg = Debug|Any CPU
		{BDE3356F-5176-AE89-9626-CDB8E9721B3C}.Debug|Any CPU.Build.0 = Debug|Any CPU
		{BDE3356F-5176-AE89-9626-CDB8E9721B3C}.Release|Any CPU.ActiveCfg = Release|Any CPU
		{BDE3356F-5176-AE89-9626-CDB8E9721B3C}.Release|Any CPU.Build.0 = Release|Any CPU
		{FA3161BE-3ED7-682F-9E74-099B9D661EA9}.Debug|Any CPU.ActiveCfg = Debug|Any CPU
		{FA3161BE-3ED7-682F-9E74-099B9D661EA9}.Debug|Any CPU.Build.0 = Debug|Any CPU
		{FA3161BE-3ED7-682F-9E74-099B9D661EA9}.Release|Any CPU.ActiveCfg = Release|Any CPU
		{FA3161BE-3ED7-682F-9E74-099B9D661EA9}.Release|Any CPU.Build.0 = Release|Any CPU
		{5A16DD4A-D9DE-616F-AEB4-81788250D77D}.Debug|Any CPU.ActiveCfg = Debug|Any CPU
		{5A16DD4A-D9DE-616F-AEB4-81788250D77D}.Debug|Any CPU.Build.0 = Debug|Any CPU
		{5A16DD4A-D9DE-616F-AEB4-81788250D77D}.Release|Any CPU.ActiveCfg = Release|Any CPU
		{5A16DD4A-D9DE-616F-AEB4-81788250D77D}.Release|Any CPU.Build.0 = Release|Any CPU
		{B76C7F35-86F1-EF59-9FAB-8779725E725D}.Debug|Any CPU.ActiveCfg = Debug|Any CPU
		{B76C7F35-86F1-EF59-9FAB-8779725E725D}.Debug|Any CPU.Build.0 = Debug|Any CPU
		{B76C7F35-86F1-EF59-9FAB-8779725E725D}.Release|Any CPU.ActiveCfg = Release|Any CPU
		{B76C7F35-86F1-EF59-9FAB-8779725E725D}.Release|Any CPU.Build.0 = Release|Any CPU
		{679D6DB9-EB3C-7EDB-D642-EEEA6E542F51}.Debug|Any CPU.ActiveCfg = Debug|Any CPU
		{679D6DB9-EB3C-7EDB-D642-EEEA6E542F51}.Debug|Any CPU.Build.0 = Debug|Any CPU
		{679D6DB9-EB3C-7EDB-D642-EEEA6E542F51}.Release|Any CPU.ActiveCfg = Release|Any CPU
		{679D6DB9-EB3C-7EDB-D642-EEEA6E542F51}.Release|Any CPU.Build.0 = Release|Any CPU
		{D2001EBE-CE68-9877-C94C-D68B3B1E71BB}.Debug|Any CPU.ActiveCfg = Debug|Any CPU
		{D2001EBE-CE68-9877-C94C-D68B3B1E71BB}.Debug|Any CPU.Build.0 = Debug|Any CPU
		{D2001EBE-CE68-9877-C94C-D68B3B1E71BB}.Release|Any CPU.ActiveCfg = Release|Any CPU
		{D2001EBE-CE68-9877-C94C-D68B3B1E71BB}.Release|Any CPU.Build.0 = Release|Any CPU
		{F1CF0074-2B5D-66FB-1F74-7C71E1492C2E}.Debug|Any CPU.ActiveCfg = Debug|Any CPU
		{F1CF0074-2B5D-66FB-1F74-7C71E1492C2E}.Debug|Any CPU.Build.0 = Debug|Any CPU
		{F1CF0074-2B5D-66FB-1F74-7C71E1492C2E}.Release|Any CPU.ActiveCfg = Release|Any CPU
		{F1CF0074-2B5D-66FB-1F74-7C71E1492C2E}.Release|Any CPU.Build.0 = Release|Any CPU
		{D4169A07-5F36-AFB4-9489-60E4B562DF5D}.Debug|Any CPU.ActiveCfg = Debug|Any CPU
		{D4169A07-5F36-AFB4-9489-60E4B562DF5D}.Debug|Any CPU.Build.0 = Debug|Any CPU
		{D4169A07-5F36-AFB4-9489-60E4B562DF5D}.Release|Any CPU.ActiveCfg = Release|Any CPU
		{D4169A07-5F36-AFB4-9489-60E4B562DF5D}.Release|Any CPU.Build.0 = Release|Any CPU
		{9A2CB8DE-DE20-4461-7933-58749D88039E}.Debug|Any CPU.ActiveCfg = Debug|Any CPU
		{9A2CB8DE-DE20-4461-7933-58749D88039E}.Debug|Any CPU.Build.0 = Debug|Any CPU
		{9A2CB8DE-DE20-4461-7933-58749D88039E}.Release|Any CPU.ActiveCfg = Release|Any CPU
		{9A2CB8DE-DE20-4461-7933-58749D88039E}.Release|Any CPU.Build.0 = Release|Any CPU
		{E1DE1460-4E78-5F14-0179-CD667D425C00}.Debug|Any CPU.ActiveCfg = Debug|Any CPU
		{E1DE1460-4E78-5F14-0179-CD667D425C00}.Debug|Any CPU.Build.0 = Debug|Any CPU
		{E1DE1460-4E78-5F14-0179-CD667D425C00}.Release|Any CPU.ActiveCfg = Release|Any CPU
		{E1DE1460-4E78-5F14-0179-CD667D425C00}.Release|Any CPU.Build.0 = Release|Any CPU
		{496257E2-D3EA-7DA2-F7D1-0B8897F429F1}.Debug|Any CPU.ActiveCfg = Debug|Any CPU
		{496257E2-D3EA-7DA2-F7D1-0B8897F429F1}.Debug|Any CPU.Build.0 = Debug|Any CPU
		{496257E2-D3EA-7DA2-F7D1-0B8897F429F1}.Release|Any CPU.ActiveCfg = Release|Any CPU
		{496257E2-D3EA-7DA2-F7D1-0B8897F429F1}.Release|Any CPU.Build.0 = Release|Any CPU
	EndGlobalSection
	GlobalSection(SolutionProperties) = preSolution
		HideSolutionNode = FALSE
	EndGlobalSection
	GlobalSection(NestedProjects) = preSolution
		{F3D6030D-8DB9-6BB6-673E-D9F8A8FED9D3} = {3D40F055-384E-DE04-BB81-B7972E166B19}
		{EFBDB87E-2FE4-C569-78EA-EFD6CC60F611} = {D4176A17-D7E5-9C19-FD5F-8803B1692ECF}
		{E6067B0C-3255-CEC7-AC75-9B0268C18FD5} = {D4176A17-D7E5-9C19-FD5F-8803B1692ECF}
		{8CDB89A4-F51B-4C56-6717-A09349680221} = {D4176A17-D7E5-9C19-FD5F-8803B1692ECF}
		{EBA812C6-0939-30E4-456E-8140FF520F62} = {D4176A17-D7E5-9C19-FD5F-8803B1692ECF}
		{87449396-A005-7ECE-A7A4-71AD808B27C3} = {D4176A17-D7E5-9C19-FD5F-8803B1692ECF}
		{BDE3356F-5176-AE89-9626-CDB8E9721B3C} = {131C5CCE-C85E-81CF-EB9F-372398CDB723}
		{FA3161BE-3ED7-682F-9E74-099B9D661EA9} = {131C5CCE-C85E-81CF-EB9F-372398CDB723}
		{5A16DD4A-D9DE-616F-AEB4-81788250D77D} = {EC9A9E50-F609-29D8-E2CC-8326F1A55E73}
		{B76C7F35-86F1-EF59-9FAB-8779725E725D} = {EC9A9E50-F609-29D8-E2CC-8326F1A55E73}
		{679D6DB9-EB3C-7EDB-D642-EEEA6E542F51} = {AE61C528-FF0A-A1A2-0584-FA705841A90E}
		{D2001EBE-CE68-9877-C94C-D68B3B1E71BB} = {AE61C528-FF0A-A1A2-0584-FA705841A90E}
		{F1CF0074-2B5D-66FB-1F74-7C71E1492C2E} = {1E7C7822-1A97-FCE8-C1CC-7282E8F41E48}
		{D4169A07-5F36-AFB4-9489-60E4B562DF5D} = {1E7C7822-1A97-FCE8-C1CC-7282E8F41E48}
		{9A2CB8DE-DE20-4461-7933-58749D88039E} = {3DCF630A-C2F5-FA6C-1BC6-65B54CBF7084}
		{E1DE1460-4E78-5F14-0179-CD667D425C00} = {3DCF630A-C2F5-FA6C-1BC6-65B54CBF7084}
		{496257E2-D3EA-7DA2-F7D1-0B8897F429F1} = {556F3E34-760A-2958-053D-ABCAA6F82293}
	EndGlobalSection
	GlobalSection(ExtensibilityGlobals) = postSolution
		SolutionGuid = {86433BAA-F0EC-4829-A38F-C8E1C11C5A1E}
	EndGlobalSection
EndGlobal
